<Solution>
  <Folder Name="/src/">
    <Project Path="src/Compositor.Core/Compositor.Core.csproj" />
    <Project Path="src/Compositor.History/Compositor.History.csproj" />
  </Folder>
  <Folder Name="/tests/">
    <Project Path="tests/Compositor.Core.Tests/Compositor.Core.Tests.csproj" />
    <Project Path="tests/Compositor.History.Tests/Compositor.History.Tests.csproj" />
  </Folder>
</Solution>
