<Solution>
  <Folder Name="/src/">
    <Project Path="src/Compositor.Core/Compositor.Core.csproj" />
    <Project Path="src/Compositor.UI/Compositor.UI.csproj" />
  </Folder>
  <Folder Name="/tests/">
    <Project Path="tests/Compositor.Core.Tests/Compositor.Core.Tests.csproj" />
    <Project Path="tests/Compositor.UI.Tests/Compositor.UI.Tests.csproj" />
  </Folder>
</Solution>
